
Microsoft Visual Studio Solution File, Format Version 12.00
# Visual Studio Version 17
VisualStudioVersion = 17.3.32929.385
MinimumVisualStudioVersion = 10.0.40219.1
Project("{FAE04EC0-301F-11D3-BF4B-00C04F79EFBC}") = "TurnUpRose", "TurnUpRose\TurnUpRose.csproj", "{BA1412FE-2EA8-4E1A-984E-EC4A46667C85}"
EndProject
Global
	GlobalSection(SolutionConfigurationPlatforms) = preSolution
		Debug|Any CPU = Debug|Any CPU
		Release|Any CPU = Release|Any CPU
	EndGlobalSection
	GlobalSection(ProjectConfigurationPlatforms) = postSolution
		{BA1412FE-2EA8-4E1A-984E-EC4A46667C85}.Debug|Any CPU.ActiveCfg = Debug|Any CPU
		{BA1412FE-2EA8-4E1A-984E-EC4A46667C85}.Debug|Any CPU.Build.0 = Debug|Any CPU
		{BA1412FE-2EA8-4E1A-984E-EC4A46667C85}.Release|Any CPU.ActiveCfg = Release|Any CPU
		{BA1412FE-2EA8-4E1A-984E-EC4A46667C85}.Release|Any CPU.Build.0 = Release|Any CPU
	EndGlobalSection
	GlobalSection(SolutionProperties) = preSolution
		HideSolutionNode = FALSE
	EndGlobalSection
	GlobalSection(ExtensibilityGlobals) = postSolution
		SolutionGuid = {F8976765-BD21-425C-B50A-D9E74B88B742}
	EndGlobalSection
EndGlobal
